// !$*UTF8*$!
{
	archiveVersion = 1;
	classes = {
	};
	objectVersion = 50;
	objects = {

/* Begin PBXBuildFile section */
		49B7D4DA25E46AC300BDD0C9 /* SwiftBridge.swift in Sources */ = {isa = PBXBuildFile; fileRef = 49B7D4D225E46AC300BDD0C9 /* SwiftBridge.swift */; };
		49B7D4DB25E46AC300BDD0C9 /* SwiftInterpreter.mm in Sources */ = {isa = PBXBuildFile; fileRef = 49B7D4D525E46AC300BDD0C9 /* SwiftInterpreter.mm */; };
		49B7D4DC25E46AC300BDD0C9 /* main.cpp in Sources */ = {isa = PBXBuildFile; fileRef = 49B7D4D725E46AC300BDD0C9 /* main.cpp */; };
/* End PBXBuildFile section */

/* Begin PBXCopyFilesBuildPhase section */
		496B6E1225E332770097EFE0 /* Copy Files */ = {
			isa = PBXCopyFilesBuildPhase;
			buildActionMask = 2147483647;
			dstPath = /usr/share/man/man1/;
			dstSubfolderSpec = 0;
			files = (
			);
			name = "Copy Files";
			runOnlyForDeploymentPostprocessing = 1;
		};
/* End PBXCopyFilesBuildPhase section */

/* Begin PBXFileReference section */
		496B6E1425E332770097EFE0 /* swift-cpp-bridge */ = {isa = PBXFileReference; explicitFileType = "compiled.mach-o.executable"; includeInIndex = 0; path = "swift-cpp-bridge"; sourceTree = BUILT_PRODUCTS_DIR; };
		49B7D4D225E46AC300BDD0C9 /* SwiftBridge.swift */ = {isa = PBXFileReference; fileEncoding = 4; lastKnownFileType = sourcecode.swift; path = SwiftBridge.swift; sourceTree = "<group>"; };
		49B7D4D425E46AC300BDD0C9 /* SwiftInterpreter.hpp */ = {isa = PBXFileReference; fileEncoding = 4; lastKnownFileType = sourcecode.cpp.h; path = SwiftInterpreter.hpp; sourceTree = "<group>"; };
		49B7D4D525E46AC300BDD0C9 /* SwiftInterpreter.mm */ = {isa = PBXFileReference; fileEncoding = 4; lastKnownFileType = sourcecode.cpp.objcpp; path = SwiftInterpreter.mm; sourceTree = "<group>"; };
		49B7D4D625E46AC300BDD0C9 /* ObjcTypes.h */ = {isa = PBXFileReference; fileEncoding = 4; lastKnownFileType = sourcecode.c.h; path = ObjcTypes.h; sourceTree = "<group>"; };
		49B7D4D725E46AC300BDD0C9 /* main.cpp */ = {isa = PBXFileReference; fileEncoding = 4; lastKnownFileType = sourcecode.cpp.cpp; path = main.cpp; sourceTree = "<group>"; };
		49B7D4D825E46AC300BDD0C9 /* SwiftObjCBridge.hpp */ = {isa = PBXFileReference; fileEncoding = 4; lastKnownFileType = sourcecode.cpp.h; path = SwiftObjCBridge.hpp; sourceTree = "<group>"; };
		49B7D4D925E46AC300BDD0C9 /* SwiftBridgeHeader.h */ = {isa = PBXFileReference; fileEncoding = 4; lastKnownFileType = sourcecode.c.h; path = SwiftBridgeHeader.h; sourceTree = "<group>"; };
/* End PBXFileReference section */

/* Begin PBXFrameworksBuildPhase section */
		496B6E1125E332770097EFE0 /* Frameworks */ = {
			isa = PBXFrameworksBuildPhase;
			buildActionMask = 2147483647;
			files = (
			);
			runOnlyForDeploymentPostprocessing = 0;
		};
/* End PBXFrameworksBuildPhase section */

/* Begin PBXGroup section */
		496B6E0B25E332770097EFE0 = {
			isa = PBXGroup;
			children = (
				49B7D4D025E46AC300BDD0C9 /* src */,
				496B6E1525E332770097EFE0 /* Products */,
			);
			sourceTree = "<group>";
		};
		496B6E1525E332770097EFE0 /* Products */ = {
			isa = PBXGroup;
			children = (
				496B6E1425E332770097EFE0 /* swift-cpp-bridge */,
			);
			name = Products;
			sourceTree = "<group>";
		};
		49B7D4D025E46AC300BDD0C9 /* src */ = {
			isa = PBXGroup;
			children = (
				49B7D4D125E46AC300BDD0C9 /* Swift Sources */,
				49B7D4D325E46AC300BDD0C9 /* C++ Sources */,
			);
			path = src;
			sourceTree = "<group>";
		};
		49B7D4D125E46AC300BDD0C9 /* Swift Sources */ = {
			isa = PBXGroup;
			children = (
				49B7D4D225E46AC300BDD0C9 /* SwiftBridge.swift */,
			);
			path = "Swift Sources";
			sourceTree = "<group>";
		};
		49B7D4D325E46AC300BDD0C9 /* C++ Sources */ = {
			isa = PBXGroup;
			children = (
				49B7D4D425E46AC300BDD0C9 /* SwiftInterpreter.hpp */,
				49B7D4D525E46AC300BDD0C9 /* SwiftInterpreter.mm */,
				49B7D4D625E46AC300BDD0C9 /* ObjcTypes.h */,
				49B7D4D725E46AC300BDD0C9 /* main.cpp */,
				49B7D4D825E46AC300BDD0C9 /* SwiftObjCBridge.hpp */,
				49B7D4D925E46AC300BDD0C9 /* SwiftBridgeHeader.h */,
			);
			path = "C++ Sources";
			sourceTree = "<group>";
		};
/* End PBXGroup section */

/* Begin PBXNativeTarget section */
		496B6E1325E332770097EFE0 /* swift-cpp-bridge */ = {
			isa = PBXNativeTarget;
			buildConfigurationList = 496B6E1B25E332770097EFE0 /* Build configuration list for PBXNativeTarget "swift-cpp-bridge" */;
			buildPhases = (
				496B6E1025E332770097EFE0 /* Sources */,
				496B6E1125E332770097EFE0 /* Frameworks */,
				496B6E1225E332770097EFE0 /* Copy Files */,
			);
			buildRules = (
			);
			dependencies = (
			);
			name = "swift-cpp-bridge";
			packageProductDependencies = (
			);
			productName = "swift-cpp-bridge";
			productReference = 496B6E1425E332770097EFE0 /* swift-cpp-bridge */;
			productType = "com.apple.product-type.tool";
		};
/* End PBXNativeTarget section */

/* Begin PBXProject section */
		496B6E0C25E332770097EFE0 /* Project object */ = {
			isa = PBXProject;
			attributes = {
				LastUpgradeCheck = 1230;
				TargetAttributes = {
					496B6E1325E332770097EFE0 = {
						CreatedOnToolsVersion = 12.3;
						LastSwiftMigration = 1230;
					};
				};
			};
			buildConfigurationList = 496B6E0F25E332770097EFE0 /* Build configuration list for PBXProject "swift-cpp-bridge" */;
			compatibilityVersion = "Xcode 9.3";
			developmentRegion = en;
			hasScannedForEncodings = 0;
			knownRegions = (
				en,
				Base,
			);
			mainGroup = 496B6E0B25E332770097EFE0;
			packageReferences = (
			);
			productRefGroup = 496B6E1525E332770097EFE0 /* Products */;
			projectDirPath = "";
			projectRoot = "";
			targets = (
				496B6E1325E332770097EFE0 /* swift-cpp-bridge */,
			);
		};
/* End PBXProject section */

/* Begin PBXSourcesBuildPhase section */
		496B6E1025E332770097EFE0 /* Sources */ = {
			isa = PBXSourcesBuildPhase;
			buildActionMask = 2147483647;
			files = (
				49B7D4DA25E46AC300BDD0C9 /* SwiftBridge.swift in Sources */,
				49B7D4DB25E46AC300BDD0C9 /* SwiftInterpreter.mm in Sources */,
				49B7D4DC25E46AC300BDD0C9 /* main.cpp in Sources */,
			);
			runOnlyForDeploymentPostprocessing = 0;
		};
/* End PBXSourcesBuildPhase section */

/* Begin XCBuildConfiguration section */
		496B6E1925E332770097EFE0 /* Debug */ = {
			isa = XCBuildConfiguration;
			buildSettings = {
				ALWAYS_SEARCH_USER_PATHS = NO;
				CLANG_ANALYZER_NONNULL = YES;
				CLANG_ANALYZER_NUMBER_OBJECT_CONVERSION = YES_AGGRESSIVE;
				CLANG_CXX_LANGUAGE_STANDARD = "c++17";
				CLANG_CXX_LIBRARY = "libc++";
				CLANG_ENABLE_MODULES = YES;
				CLANG_ENABLE_OBJC_ARC = YES;
				CLANG_ENABLE_OBJC_WEAK = YES;
				CLANG_WARN_BLOCK_CAPTURE_AUTORELEASING = YES;
				CLANG_WARN_BOOL_CONVERSION = YES;
				CLANG_WARN_COMMA = YES;
				CLANG_WARN_CONSTANT_CONVERSION = YES;
				CLANG_WARN_DEPRECATED_OBJC_IMPLEMENTATIONS = YES;
				CLANG_WARN_DIRECT_OBJC_ISA_USAGE = YES_ERROR;
				CLANG_WARN_DOCUMENTATION_COMMENTS = YES;
				CLANG_WARN_EMPTY_BODY = YES;
				CLANG_WARN_ENUM_CONVERSION = YES;
				CLANG_WARN_INFINITE_RECURSION = YES;
				CLANG_WARN_INT_CONVERSION = YES;
				CLANG_WARN_NON_LITERAL_NULL_CONVERSION = YES;
				CLANG_WARN_OBJC_IMPLICIT_RETAIN_SELF = YES;
				CLANG_WARN_OBJC_LITERAL_CONVERSION = YES;
				CLANG_WARN_OBJC_ROOT_CLASS = YES_ERROR;
				CLANG_WARN_QUOTED_INCLUDE_IN_FRAMEWORK_HEADER = YES;
				CLANG_WARN_RANGE_LOOP_ANALYSIS = YES;
				CLANG_WARN_STRICT_PROTOTYPES = YES;
				CLANG_WARN_SUSPICIOUS_MOVE = YES;
				CLANG_WARN_UNGUARDED_AVAILABILITY = YES_AGGRESSIVE;
				CLANG_WARN_UNREACHABLE_CODE = YES;
				CLANG_WARN__DUPLICATE_METHOD_MATCH = YES;
				COPY_PHASE_STRIP = NO;
				DEBUG_INFORMATION_FORMAT = dwarf;
				ENABLE_STRICT_OBJC_MSGSEND = YES;
				ENABLE_TESTABILITY = YES;
				GCC_C_LANGUAGE_STANDARD = gnu11;
				GCC_DYNAMIC_NO_PIC = NO;
				GCC_NO_COMMON_BLOCKS = YES;
				GCC_OPTIMIZATION_LEVEL = 0;
				GCC_PREPROCESSOR_DEFINITIONS = (
					"DEBUG=1",
					"$(inherited)",
				);
				GCC_WARN_64_TO_32_BIT_CONVERSION = YES;
				GCC_WARN_ABOUT_RETURN_TYPE = YES_ERROR;
				GCC_WARN_UNDECLARED_SELECTOR = YES;
				GCC_WARN_UNINITIALIZED_AUTOS = YES_AGGRESSIVE;
				GCC_WARN_UNUSED_FUNCTION = YES;
				GCC_WARN_UNUSED_VARIABLE = YES;
				MACOSX_DEPLOYMENT_TARGET = 11.1;
				MTL_ENABLE_DEBUG_INFO = INCLUDE_SOURCE;
				MTL_FAST_MATH = YES;
				ONLY_ACTIVE_ARCH = YES;
				SDKROOT = macosx;
				SWIFT_OBJC_BRIDGING_HEADER = "";
			};
			name = Debug;
		};
		496B6E1A25E332770097EFE0 /* Release */ = {
			isa = XCBuildConfiguration;
			buildSettings = {
				ALWAYS_SEARCH_USER_PATHS = NO;
				CLANG_ANALYZER_NONNULL = YES;
				CLANG_ANALYZER_NUMBER_OBJECT_CONVERSION = YES_AGGRESSIVE;
				CLANG_CXX_LANGUAGE_STANDARD = "c++17";
				CLANG_CXX_LIBRARY = "libc++";
				CLANG_ENABLE_MODULES = YES;
				CLANG_ENABLE_OBJC_ARC = YES;
				CLANG_ENABLE_OBJC_WEAK = YES;
				CLANG_WARN_BLOCK_CAPTURE_AUTORELEASING = YES;
				CLANG_WARN_BOOL_CONVERSION = YES;
				CLANG_WARN_COMMA = YES;
				CLANG_WARN_CONSTANT_CONVERSION = YES;
				CLANG_WARN_DEPRECATED_OBJC_IMPLEMENTATIONS = YES;
				CLANG_WARN_DIRECT_OBJC_ISA_USAGE = YES_ERROR;
				CLANG_WARN_DOCUMENTATION_COMMENTS = YES;
				CLANG_WARN_EMPTY_BODY = YES;
				CLANG_WARN_ENUM_CONVERSION = YES;
				CLANG_WARN_INFINITE_RECURSION = YES;
				CLANG_WARN_INT_CONVERSION = YES;
				CLANG_WARN_NON_LITERAL_NULL_CONVERSION = YES;
				CLANG_WARN_OBJC_IMPLICIT_RETAIN_SELF = YES;
				CLANG_WARN_OBJC_LITERAL_CONVERSION = YES;
				CLANG_WARN_OBJC_ROOT_CLASS = YES_ERROR;
				CLANG_WARN_QUOTED_INCLUDE_IN_FRAMEWORK_HEADER = YES;
				CLANG_WARN_RANGE_LOOP_ANALYSIS = YES;
				CLANG_WARN_STRICT_PROTOTYPES = YES;
				CLANG_WARN_SUSPICIOUS_MOVE = YES;
				CLANG_WARN_UNGUARDED_AVAILABILITY = YES_AGGRESSIVE;
				CLANG_WARN_UNREACHABLE_CODE = YES;
				CLANG_WARN__DUPLICATE_METHOD_MATCH = YES;
				COPY_PHASE_STRIP = NO;
				DEBUG_INFORMATION_FORMAT = "dwarf-with-dsym";
				ENABLE_NS_ASSERTIONS = NO;
				ENABLE_STRICT_OBJC_MSGSEND = YES;
				GCC_C_LANGUAGE_STANDARD = gnu11;
				GCC_NO_COMMON_BLOCKS = YES;
				GCC_WARN_64_TO_32_BIT_CONVERSION = YES;
				GCC_WARN_ABOUT_RETURN_TYPE = YES_ERROR;
				GCC_WARN_UNDECLARED_SELECTOR = YES;
				GCC_WARN_UNINITIALIZED_AUTOS = YES_AGGRESSIVE;
				GCC_WARN_UNUSED_FUNCTION = YES;
				GCC_WARN_UNUSED_VARIABLE = YES;
				MACOSX_DEPLOYMENT_TARGET = 11.1;
				MTL_ENABLE_DEBUG_INFO = NO;
				MTL_FAST_MATH = YES;
				SDKROOT = macosx;
				SWIFT_OBJC_BRIDGING_HEADER = "";
			};
			name = Release;
		};
		496B6E1C25E332770097EFE0 /* Debug */ = {
			isa = XCBuildConfiguration;
			buildSettings = {
				CLANG_ENABLE_MODULES = YES;
				CODE_SIGN_STYLE = Automatic;
				DEVELOPMENT_TEAM = 6RU6B5K2KM;
				LD_RUNPATH_SEARCH_PATHS = (
					"$(inherited)",
					"@executable_path/../Frameworks",
					"@loader_path/../Frameworks",
				);
				PRODUCT_NAME = "$(TARGET_NAME)";
				SWIFT_OBJC_BRIDGING_HEADER = "$(SRCROOT)/src/C++ Sources/SwiftBridgeHeader.h";
				SWIFT_OPTIMIZATION_LEVEL = "-O";
				SWIFT_VERSION = 5.0;
			};
			name = Debug;
		};
		496B6E1D25E332770097EFE0 /* Release */ = {
			isa = XCBuildConfiguration;
			buildSettings = {
				CLANG_ENABLE_MODULES = YES;
				CODE_SIGN_STYLE = Automatic;
				DEVELOPMENT_TEAM = 6RU6B5K2KM;
				LD_RUNPATH_SEARCH_PATHS = (
					"$(inherited)",
					"@executable_path/../Frameworks",
					"@loader_path/../Frameworks",
				);
				PRODUCT_NAME = "$(TARGET_NAME)";
				SWIFT_OBJC_BRIDGING_HEADER = "$(SRCROOT)/src/C++ Sources/SwiftBridgeHeader.h";
				SWIFT_VERSION = 5.0;
			};
			name = Release;
		};
/* End XCBuildConfiguration section */

/* Begin XCConfigurationList section */
		496B6E0F25E332770097EFE0 /* Build configuration list for PBXProject "swift-cpp-bridge" */ = {
			isa = XCConfigurationList;
			buildConfigurations = (
				496B6E1925E332770097EFE0 /* Debug */,
				496B6E1A25E332770097EFE0 /* Release */,
			);
			defaultConfigurationIsVisible = 0;
			defaultConfigurationName = Release;
		};
		496B6E1B25E332770097EFE0 /* Build configuration list for PBXNativeTarget "swift-cpp-bridge" */ = {
			isa = XCConfigurationList;
			buildConfigurations = (
				496B6E1C25E332770097EFE0 /* Debug */,
				496B6E1D25E332770097EFE0 /* Release */,
			);
			defaultConfigurationIsVisible = 0;
			defaultConfigurationName = Release;
		};
/* End XCConfigurationList section */
	};
	rootObject = 496B6E0C25E332770097EFE0 /* Project object */;
}
